{
  "requires": true,
  "lockfileVersion": 1,
  "dependencies": {
    "lodash": {
      "version": "4.17.21",
      "resolved": "https://registry.npmjs.org/lodash/-/lodash-4.17.21.tgz",
      "integrity": "sha512-v2kDEe57lecTulaDIuNTPy3Ry4gLGJ6Z1O3vE1krgXZNrsQ+LFTGHVxVjcXPs17LhbZVGedAJv8XZ1tvj5FvSg=="
    },
    "object-hash": {
      "version": "1.3.1",
      "resolved": "https://registry.npmjs.org/object-hash/-/object-hash-1.3.1.tgz",
      "integrity": "sha512-OSuu/pU4ENM9kmREg0BdNrUDIl1heYa4mBZacJc+vVWz4GtAwu7jO8s4AIt2aGRUTqxykpWzI3Oqnsm13tTMDA=="
    },
    "serverless-api-gateway-xray": {
      "version": "1.0.1",
      "resolved": "https://registry.npmjs.org/serverless-api-gateway-xray/-/serverless-api-gateway-xray-1.0.1.tgz",
      "integrity": "sha512-6XZxgCy2z9iz/2NT/7z6KyEI4/y4DIpPRyQaJN6eP0/kSIDyT+Bl8YdyrbqM0SshcfTX8oxEE61uEx4LRWCDTA==",
      "requires": {
        "lodash": "^4.17.5"
      }
    },
    "serverless-aws-documentation": {
      "version": "1.1.0",
      "resolved": "https://registry.npmjs.org/serverless-aws-documentation/-/serverless-aws-documentation-1.1.0.tgz",
      "integrity": "sha512-b2iM1eZIWxQjAa6RNnARq+iXgiffbtSmKnZUh7l8KOkaD/BapqfOkKKi6MGxp3KxQFkW31sVsAiqJ0NQSSyXOw==",
      "requires": {
        "object-hash": "^1.1.7"
      }
    }
  }
}
